
Microsoft Visual Studio Solution File, Format Version 12.00
# Visual Studio Version 16
VisualStudioVersion = 16.0.30406.217
MinimumVisualStudioVersion = 10.0.40219.1
Project("{FAE04EC0-301F-11D3-BF4B-00C04F79EFBC}") = "ReadingListApi", "ReadingListApi.csproj", "{9C90A812-1D69-4A87-81BB-81C6AFE9190F}"
EndProject
Global
	GlobalSection(SolutionConfigurationPlatforms) = preSolution
		Debug|Any CPU = Debug|Any CPU
		Release|Any CPU = Release|Any CPU
	EndGlobalSection
	GlobalSection(ProjectConfigurationPlatforms) = postSolution
		{9C90A812-1D69-4A87-81BB-81C6AFE9190F}.Debug|Any CPU.ActiveCfg = Debug|Any CPU
		{9C90A812-1D69-4A87-81BB-81C6AFE9190F}.Debug|Any CPU.Build.0 = Debug|Any CPU
		{9C90A812-1D69-4A87-81BB-81C6AFE9190F}.Release|Any CPU.ActiveCfg = Release|Any CPU
		{9C90A812-1D69-4A87-81BB-81C6AFE9190F}.Release|Any CPU.Build.0 = Release|Any CPU
	EndGlobalSection
	GlobalSection(SolutionProperties) = preSolution
		HideSolutionNode = FALSE
	EndGlobalSection
	GlobalSection(ExtensibilityGlobals) = postSolution
		SolutionGuid = {C37EBFBA-56D4-460A-BF1A-A8964CE2B0B6}
	EndGlobalSection
EndGlobal
